
Microsoft Visual Studio Solution File, Format Version 12.00
# Visual Studio 2013
VisualStudioVersion = 12.0.30723.0
MinimumVisualStudioVersion = 10.0.40219.1
Project("{FAE04EC0-301F-11D3-BF4B-00C04F79EFBC}") = "Project F8", "Project F8\Project F8.csproj", "{0BCC81AD-AE8B-4105-949A-D2262752EC88}"
EndProject
Global
	GlobalSection(SolutionConfigurationPlatforms) = preSolution
		Debug|Any CPU = Debug|Any CPU
		Release|Any CPU = Release|Any CPU
	EndGlobalSection
	GlobalSection(ProjectConfigurationPlatforms) = postSolution
		{0BCC81AD-AE8B-4105-949A-D2262752EC88}.Debug|Any CPU.ActiveCfg = Debug|Any CPU
		{0BCC81AD-AE8B-4105-949A-D2262752EC88}.Debug|Any CPU.Build.0 = Debug|Any CPU
		{0BCC81AD-AE8B-4105-949A-D2262752EC88}.Release|Any CPU.ActiveCfg = Release|Any CPU
		{0BCC81AD-AE8B-4105-949A-D2262752EC88}.Release|Any CPU.Build.0 = Release|Any CPU
	EndGlobalSection
	GlobalSection(SolutionProperties) = preSolution
		HideSolutionNode = FALSE
	EndGlobalSection
EndGlobal
